
Microsoft Visual Studio Solution File, Format Version 12.00
# Visual Studio Version 16
VisualStudioVersion = 16.0.31205.134
MinimumVisualStudioVersion = 10.0.40219.1
Project("{FAE04EC0-301F-11D3-BF4B-00C04F79EFBC}") = "PayYourOwnTroops", "PayYourOwnTroops.csproj", "{51D3A9BA-EA4B-4C79-9873-02A4D9C40CC2}"
EndProject
Global
	GlobalSection(SolutionConfigurationPlatforms) = preSolution
		Debug|Any CPU = Debug|Any CPU
		Release|Any CPU = Release|Any CPU
	EndGlobalSection
	GlobalSection(ProjectConfigurationPlatforms) = postSolution
		{51D3A9BA-EA4B-4C79-9873-02A4D9C40CC2}.Debug|Any CPU.ActiveCfg = Debug|Any CPU
		{51D3A9BA-EA4B-4C79-9873-02A4D9C40CC2}.Debug|Any CPU.Build.0 = Debug|Any CPU
		{51D3A9BA-EA4B-4C79-9873-02A4D9C40CC2}.Release|Any CPU.ActiveCfg = Release|Any CPU
		{51D3A9BA-EA4B-4C79-9873-02A4D9C40CC2}.Release|Any CPU.Build.0 = Release|Any CPU
	EndGlobalSection
	GlobalSection(SolutionProperties) = preSolution
		HideSolutionNode = FALSE
	EndGlobalSection
	GlobalSection(ExtensibilityGlobals) = postSolution
		SolutionGuid = {D639805B-4510-4A08-92F4-9863C58F716E}
	EndGlobalSection
EndGlobal
